
Microsoft Visual Studio Solution File, Format Version 12.00
# Visual Studio Version 17
VisualStudioVersion = 17.4.33103.184
MinimumVisualStudioVersion = 10.0.40219.1
Project("{8BC9CEB8-8B4A-11D0-8D11-00A0C91BC942}") = "CalculatorTutorial", "CalculatorTutorial\CalculatorTutorial.vcxproj", "{9BBFB4CF-E870-46F1-AF4C-262A9F2A645B}"
EndProject
Global
	GlobalSection(SolutionConfigurationPlatforms) = preSolution
		Debug|x64 = Debug|x64
		Debug|x86 = Debug|x86
		Release|x64 = Release|x64
		Release|x86 = Release|x86
	EndGlobalSection
	GlobalSection(ProjectConfigurationPlatforms) = postSolution
		{9BBFB4CF-E870-46F1-AF4C-262A9F2A645B}.Debug|x64.ActiveCfg = Debug|x64
		{9BBFB4CF-E870-46F1-AF4C-262A9F2A645B}.Debug|x64.Build.0 = Debug|x64
		{9BBFB4CF-E870-46F1-AF4C-262A9F2A645B}.Debug|x86.ActiveCfg = Debug|Win32
		{9BBFB4CF-E870-46F1-AF4C-262A9F2A645B}.Debug|x86.Build.0 = Debug|Win32
		{9BBFB4CF-E870-46F1-AF4C-262A9F2A645B}.Release|x64.ActiveCfg = Release|x64
		{9BBFB4CF-E870-46F1-AF4C-262A9F2A645B}.Release|x64.Build.0 = Release|x64
		{9BBFB4CF-E870-46F1-AF4C-262A9F2A645B}.Release|x86.ActiveCfg = Release|Win32
		{9BBFB4CF-E870-46F1-AF4C-262A9F2A645B}.Release|x86.Build.0 = Release|Win32
	EndGlobalSection
	GlobalSection(SolutionProperties) = preSolution
		HideSolutionNode = FALSE
	EndGlobalSection
	GlobalSection(ExtensibilityGlobals) = postSolution
		SolutionGuid = {399F420B-A138-4FDF-B0AD-E7A31A95910A}
	EndGlobalSection
EndGlobal
